// !$*UTF8*$!
{
	archiveVersion = 1;
	classes = {
	};
	objectVersion = 56;
	objects = {

/* Begin PBXBuildFile section */
		6A714BD42AABECE40055A0A7 /* AppDelegate.swift in Sources */ = {isa = PBXBuildFile; fileRef = 6A714BD32AABECE40055A0A7 /* AppDelegate.swift */; };
		6A714BD62AABECE40055A0A7 /* SceneDelegate.swift in Sources */ = {isa = PBXBuildFile; fileRef = 6A714BD52AABECE40055A0A7 /* SceneDelegate.swift */; };
		6A714BD82AABECE40055A0A7 /* ViewController.swift in Sources */ = {isa = PBXBuildFile; fileRef = 6A714BD72AABECE40055A0A7 /* ViewController.swift */; };
		6A714BDB2AABECE40055A0A7 /* Main.storyboard in Resources */ = {isa = PBXBuildFile; fileRef = 6A714BD92AABECE40055A0A7 /* Main.storyboard */; };
		6A714BDD2AABECE60055A0A7 /* Assets.xcassets in Resources */ = {isa = PBXBuildFile; fileRef = 6A714BDC2AABECE60055A0A7 /* Assets.xcassets */; };
		6A714BE02AABECE60055A0A7 /* LaunchScreen.storyboard in Resources */ = {isa = PBXBuildFile; fileRef = 6A714BDE2AABECE60055A0A7 /* LaunchScreen.storyboard */; };
		6A714BE92AABEDC30055A0A7 /* Alamofire in Frameworks */ = {isa = PBXBuildFile; productRef = 6A714BE82AABEDC30055A0A7 /* Alamofire */; };
		6A714BEC2AABEE380055A0A7 /* RealmSwift in Frameworks */ = {isa = PBXBuildFile; productRef = 6A714BEB2AABEE380055A0A7 /* RealmSwift */; };
		6A714BEF2AABEE720055A0A7 /* ProgressHUD in Frameworks */ = {isa = PBXBuildFile; productRef = 6A714BEE2AABEE720055A0A7 /* ProgressHUD */; };
		6A714BF12AABF06D0055A0A7 /* .gitignore in Resources */ = {isa = PBXBuildFile; fileRef = 6A714BF02AABF06D0055A0A7 /* .gitignore */; };
/* End PBXBuildFile section */

/* Begin PBXFileReference section */
		6A714BD02AABECE40055A0A7 /* ChatWithGPT.app */ = {isa = PBXFileReference; explicitFileType = wrapper.application; includeInIndex = 0; path = ChatWithGPT.app; sourceTree = BUILT_PRODUCTS_DIR; };
		6A714BD32AABECE40055A0A7 /* AppDelegate.swift */ = {isa = PBXFileReference; lastKnownFileType = sourcecode.swift; path = AppDelegate.swift; sourceTree = "<group>"; };
		6A714BD52AABECE40055A0A7 /* SceneDelegate.swift */ = {isa = PBXFileReference; lastKnownFileType = sourcecode.swift; path = SceneDelegate.swift; sourceTree = "<group>"; };
		6A714BD72AABECE40055A0A7 /* ViewController.swift */ = {isa = PBXFileReference; lastKnownFileType = sourcecode.swift; path = ViewController.swift; sourceTree = "<group>"; };
		6A714BDA2AABECE40055A0A7 /* Base */ = {isa = PBXFileReference; lastKnownFileType = file.storyboard; name = Base; path = Base.lproj/Main.storyboard; sourceTree = "<group>"; };
		6A714BDC2AABECE60055A0A7 /* Assets.xcassets */ = {isa = PBXFileReference; lastKnownFileType = folder.assetcatalog; path = Assets.xcassets; sourceTree = "<group>"; };
		6A714BDF2AABECE60055A0A7 /* Base */ = {isa = PBXFileReference; lastKnownFileType = file.storyboard; name = Base; path = Base.lproj/LaunchScreen.storyboard; sourceTree = "<group>"; };
		6A714BE12AABECE60055A0A7 /* Info.plist */ = {isa = PBXFileReference; lastKnownFileType = text.plist.xml; path = Info.plist; sourceTree = "<group>"; };
		6A714BF02AABF06D0055A0A7 /* .gitignore */ = {isa = PBXFileReference; lastKnownFileType = text; path = .gitignore; sourceTree = "<group>"; };
/* End PBXFileReference section */

/* Begin PBXFrameworksBuildPhase section */
		6A714BCD2AABECE40055A0A7 /* Frameworks */ = {
			isa = PBXFrameworksBuildPhase;
			buildActionMask = 2147483647;
			files = (
				6A714BEF2AABEE720055A0A7 /* ProgressHUD in Frameworks */,
				6A714BEC2AABEE380055A0A7 /* RealmSwift in Frameworks */,
				6A714BE92AABEDC30055A0A7 /* Alamofire in Frameworks */,
			);
			runOnlyForDeploymentPostprocessing = 0;
		};
/* End PBXFrameworksBuildPhase section */

/* Begin PBXGroup section */
		6A714BC72AABECE40055A0A7 = {
			isa = PBXGroup;
			children = (
				6A714BD22AABECE40055A0A7 /* ChatWithGPT */,
				6A714BD12AABECE40055A0A7 /* Products */,
			);
			sourceTree = "<group>";
		};
		6A714BD12AABECE40055A0A7 /* Products */ = {
			isa = PBXGroup;
			children = (
				6A714BD02AABECE40055A0A7 /* ChatWithGPT.app */,
			);
			name = Products;
			sourceTree = "<group>";
		};
		6A714BD22AABECE40055A0A7 /* ChatWithGPT */ = {
			isa = PBXGroup;
			children = (
				6A714BD32AABECE40055A0A7 /* AppDelegate.swift */,
				6A714BD52AABECE40055A0A7 /* SceneDelegate.swift */,
				6A714BD72AABECE40055A0A7 /* ViewController.swift */,
				6A714BD92AABECE40055A0A7 /* Main.storyboard */,
				6A714BDC2AABECE60055A0A7 /* Assets.xcassets */,
				6A714BDE2AABECE60055A0A7 /* LaunchScreen.storyboard */,
				6A714BE12AABECE60055A0A7 /* Info.plist */,
				6A714BF02AABF06D0055A0A7 /* .gitignore */,
			);
			path = ChatWithGPT;
			sourceTree = "<group>";
		};
/* End PBXGroup section */

/* Begin PBXNativeTarget section */
		6A714BCF2AABECE40055A0A7 /* ChatWithGPT */ = {
			isa = PBXNativeTarget;
			buildConfigurationList = 6A714BE42AABECE60055A0A7 /* Build configuration list for PBXNativeTarget "ChatWithGPT" */;
			buildPhases = (
				6A714BCC2AABECE40055A0A7 /* Sources */,
				6A714BCD2AABECE40055A0A7 /* Frameworks */,
				6A714BCE2AABECE40055A0A7 /* Resources */,
			);
			buildRules = (
			);
			dependencies = (
			);
			name = ChatWithGPT;
			packageProductDependencies = (
				6A714BE82AABEDC30055A0A7 /* Alamofire */,
				6A714BEB2AABEE380055A0A7 /* RealmSwift */,
				6A714BEE2AABEE720055A0A7 /* ProgressHUD */,
			);
			productName = ChatWithGPT;
			productReference = 6A714BD02AABECE40055A0A7 /* ChatWithGPT.app */;
			productType = "com.apple.product-type.application";
		};
/* End PBXNativeTarget section */

/* Begin PBXProject section */
		6A714BC82AABECE40055A0A7 /* Project object */ = {
			isa = PBXProject;
			attributes = {
				BuildIndependentTargetsInParallel = 1;
				LastSwiftUpdateCheck = 1430;
				LastUpgradeCheck = 1430;
				TargetAttributes = {
					6A714BCF2AABECE40055A0A7 = {
						CreatedOnToolsVersion = 14.3.1;
					};
				};
			};
			buildConfigurationList = 6A714BCB2AABECE40055A0A7 /* Build configuration list for PBXProject "ChatWithGPT" */;
			compatibilityVersion = "Xcode 14.0";
			developmentRegion = en;
			hasScannedForEncodings = 0;
			knownRegions = (
				en,
				Base,
			);
			mainGroup = 6A714BC72AABECE40055A0A7;
			packageReferences = (
				6A714BE72AABEDC30055A0A7 /* XCRemoteSwiftPackageReference "Alamofire" */,
				6A714BEA2AABEE380055A0A7 /* XCRemoteSwiftPackageReference "realm-swift" */,
				6A714BED2AABEE720055A0A7 /* XCRemoteSwiftPackageReference "ProgressHUD" */,
			);
			productRefGroup = 6A714BD12AABECE40055A0A7 /* Products */;
			projectDirPath = "";
			projectRoot = "";
			targets = (
				6A714BCF2AABECE40055A0A7 /* ChatWithGPT */,
			);
		};
/* End PBXProject section */

/* Begin PBXResourcesBuildPhase section */
		6A714BCE2AABECE40055A0A7 /* Resources */ = {
			isa = PBXResourcesBuildPhase;
			buildActionMask = 2147483647;
			files = (
				6A714BF12AABF06D0055A0A7 /* .gitignore in Resources */,
				6A714BE02AABECE60055A0A7 /* LaunchScreen.storyboard in Resources */,
				6A714BDD2AABECE60055A0A7 /* Assets.xcassets in Resources */,
				6A714BDB2AABECE40055A0A7 /* Main.storyboard in Resources */,
			);
			runOnlyForDeploymentPostprocessing = 0;
		};
/* End PBXResourcesBuildPhase section */

/* Begin PBXSourcesBuildPhase section */
		6A714BCC2AABECE40055A0A7 /* Sources */ = {
			isa = PBXSourcesBuildPhase;
			buildActionMask = 2147483647;
			files = (
				6A714BD82AABECE40055A0A7 /* ViewController.swift in Sources */,
				6A714BD42AABECE40055A0A7 /* AppDelegate.swift in Sources */,
				6A714BD62AABECE40055A0A7 /* SceneDelegate.swift in Sources */,
			);
			runOnlyForDeploymentPostprocessing = 0;
		};
/* End PBXSourcesBuildPhase section */

/* Begin PBXVariantGroup section */
		6A714BD92AABECE40055A0A7 /* Main.storyboard */ = {
			isa = PBXVariantGroup;
			children = (
				6A714BDA2AABECE40055A0A7 /* Base */,
			);
			name = Main.storyboard;
			sourceTree = "<group>";
		};
		6A714BDE2AABECE60055A0A7 /* LaunchScreen.storyboard */ = {
			isa = PBXVariantGroup;
			children = (
				6A714BDF2AABECE60055A0A7 /* Base */,
			);
			name = LaunchScreen.storyboard;
			sourceTree = "<group>";
		};
/* End PBXVariantGroup section */

/* Begin XCBuildConfiguration section */
		6A714BE22AABECE60055A0A7 /* Debug */ = {
			isa = XCBuildConfiguration;
			buildSettings = {
				ALWAYS_SEARCH_USER_PATHS = NO;
				CLANG_ANALYZER_NONNULL = YES;
				CLANG_ANALYZER_NUMBER_OBJECT_CONVERSION = YES_AGGRESSIVE;
				CLANG_CXX_LANGUAGE_STANDARD = "gnu++20";
				CLANG_ENABLE_MODULES = YES;
				CLANG_ENABLE_OBJC_ARC = YES;
				CLANG_ENABLE_OBJC_WEAK = YES;
				CLANG_WARN_BLOCK_CAPTURE_AUTORELEASING = YES;
				CLANG_WARN_BOOL_CONVERSION = YES;
				CLANG_WARN_COMMA = YES;
				CLANG_WARN_CONSTANT_CONVERSION = YES;
				CLANG_WARN_DEPRECATED_OBJC_IMPLEMENTATIONS = YES;
				CLANG_WARN_DIRECT_OBJC_ISA_USAGE = YES_ERROR;
				CLANG_WARN_DOCUMENTATION_COMMENTS = YES;
				CLANG_WARN_EMPTY_BODY = YES;
				CLANG_WARN_ENUM_CONVERSION = YES;
				CLANG_WARN_INFINITE_RECURSION = YES;
				CLANG_WARN_INT_CONVERSION = YES;
				CLANG_WARN_NON_LITERAL_NULL_CONVERSION = YES;
				CLANG_WARN_OBJC_IMPLICIT_RETAIN_SELF = YES;
				CLANG_WARN_OBJC_LITERAL_CONVERSION = YES;
				CLANG_WARN_OBJC_ROOT_CLASS = YES_ERROR;
				CLANG_WARN_QUOTED_INCLUDE_IN_FRAMEWORK_HEADER = YES;
				CLANG_WARN_RANGE_LOOP_ANALYSIS = YES;
				CLANG_WARN_STRICT_PROTOTYPES = YES;
				CLANG_WARN_SUSPICIOUS_MOVE = YES;
				CLANG_WARN_UNGUARDED_AVAILABILITY = YES_AGGRESSIVE;
				CLANG_WARN_UNREACHABLE_CODE = YES;
				CLANG_WARN__DUPLICATE_METHOD_MATCH = YES;
				COPY_PHASE_STRIP = NO;
				DEBUG_INFORMATION_FORMAT = dwarf;
				ENABLE_STRICT_OBJC_MSGSEND = YES;
				ENABLE_TESTABILITY = YES;
				GCC_C_LANGUAGE_STANDARD = gnu11;
				GCC_DYNAMIC_NO_PIC = NO;
				GCC_NO_COMMON_BLOCKS = YES;
				GCC_OPTIMIZATION_LEVEL = 0;
				GCC_PREPROCESSOR_DEFINITIONS = (
					"DEBUG=1",
					"$(inherited)",
				);
				GCC_WARN_64_TO_32_BIT_CONVERSION = YES;
				GCC_WARN_ABOUT_RETURN_TYPE = YES_ERROR;
				GCC_WARN_UNDECLARED_SELECTOR = YES;
				GCC_WARN_UNINITIALIZED_AUTOS = YES_AGGRESSIVE;
				GCC_WARN_UNUSED_FUNCTION = YES;
				GCC_WARN_UNUSED_VARIABLE = YES;
				IPHONEOS_DEPLOYMENT_TARGET = 16.4;
				MTL_ENABLE_DEBUG_INFO = INCLUDE_SOURCE;
				MTL_FAST_MATH = YES;
				ONLY_ACTIVE_ARCH = YES;
				SDKROOT = iphoneos;
				SWIFT_ACTIVE_COMPILATION_CONDITIONS = DEBUG;
				SWIFT_OPTIMIZATION_LEVEL = "-Onone";
			};
			name = Debug;
		};
		6A714BE32AABECE60055A0A7 /* Release */ = {
			isa = XCBuildConfiguration;
			buildSettings = {
				ALWAYS_SEARCH_USER_PATHS = NO;
				CLANG_ANALYZER_NONNULL = YES;
				CLANG_ANALYZER_NUMBER_OBJECT_CONVERSION = YES_AGGRESSIVE;
				CLANG_CXX_LANGUAGE_STANDARD = "gnu++20";
				CLANG_ENABLE_MODULES = YES;
				CLANG_ENABLE_OBJC_ARC = YES;
				CLANG_ENABLE_OBJC_WEAK = YES;
				CLANG_WARN_BLOCK_CAPTURE_AUTORELEASING = YES;
				CLANG_WARN_BOOL_CONVERSION = YES;
				CLANG_WARN_COMMA = YES;
				CLANG_WARN_CONSTANT_CONVERSION = YES;
				CLANG_WARN_DEPRECATED_OBJC_IMPLEMENTATIONS = YES;
				CLANG_WARN_DIRECT_OBJC_ISA_USAGE = YES_ERROR;
				CLANG_WARN_DOCUMENTATION_COMMENTS = YES;
				CLANG_WARN_EMPTY_BODY = YES;
				CLANG_WARN_ENUM_CONVERSION = YES;
				CLANG_WARN_INFINITE_RECURSION = YES;
				CLANG_WARN_INT_CONVERSION = YES;
				CLANG_WARN_NON_LITERAL_NULL_CONVERSION = YES;
				CLANG_WARN_OBJC_IMPLICIT_RETAIN_SELF = YES;
				CLANG_WARN_OBJC_LITERAL_CONVERSION = YES;
				CLANG_WARN_OBJC_ROOT_CLASS = YES_ERROR;
				CLANG_WARN_QUOTED_INCLUDE_IN_FRAMEWORK_HEADER = YES;
				CLANG_WARN_RANGE_LOOP_ANALYSIS = YES;
				CLANG_WARN_STRICT_PROTOTYPES = YES;
				CLANG_WARN_SUSPICIOUS_MOVE = YES;
				CLANG_WARN_UNGUARDED_AVAILABILITY = YES_AGGRESSIVE;
				CLANG_WARN_UNREACHABLE_CODE = YES;
				CLANG_WARN__DUPLICATE_METHOD_MATCH = YES;
				COPY_PHASE_STRIP = NO;
				DEBUG_INFORMATION_FORMAT = "dwarf-with-dsym";
				ENABLE_NS_ASSERTIONS = NO;
				ENABLE_STRICT_OBJC_MSGSEND = YES;
				GCC_C_LANGUAGE_STANDARD = gnu11;
				GCC_NO_COMMON_BLOCKS = YES;
				GCC_WARN_64_TO_32_BIT_CONVERSION = YES;
				GCC_WARN_ABOUT_RETURN_TYPE = YES_ERROR;
				GCC_WARN_UNDECLARED_SELECTOR = YES;
				GCC_WARN_UNINITIALIZED_AUTOS = YES_AGGRESSIVE;
				GCC_WARN_UNUSED_FUNCTION = YES;
				GCC_WARN_UNUSED_VARIABLE = YES;
				IPHONEOS_DEPLOYMENT_TARGET = 16.4;
				MTL_ENABLE_DEBUG_INFO = NO;
				MTL_FAST_MATH = YES;
				SDKROOT = iphoneos;
				SWIFT_COMPILATION_MODE = wholemodule;
				SWIFT_OPTIMIZATION_LEVEL = "-O";
				VALIDATE_PRODUCT = YES;
			};
			name = Release;
		};
		6A714BE52AABECE60055A0A7 /* Debug */ = {
			isa = XCBuildConfiguration;
			buildSettings = {
				ASSETCATALOG_COMPILER_APPICON_NAME = AppIcon;
				ASSETCATALOG_COMPILER_GLOBAL_ACCENT_COLOR_NAME = AccentColor;
				CODE_SIGN_STYLE = Automatic;
				CURRENT_PROJECT_VERSION = 1;
				DEVELOPMENT_TEAM = 3CCT94FW44;
				GENERATE_INFOPLIST_FILE = YES;
				INFOPLIST_FILE = ChatWithGPT/Info.plist;
				INFOPLIST_KEY_UIApplicationSupportsIndirectInputEvents = YES;
				INFOPLIST_KEY_UILaunchStoryboardName = LaunchScreen;
				INFOPLIST_KEY_UIMainStoryboardFile = Main;
				INFOPLIST_KEY_UISupportedInterfaceOrientations_iPad = "UIInterfaceOrientationPortrait UIInterfaceOrientationPortraitUpsideDown UIInterfaceOrientationLandscapeLeft UIInterfaceOrientationLandscapeRight";
				INFOPLIST_KEY_UISupportedInterfaceOrientations_iPhone = "UIInterfaceOrientationPortrait UIInterfaceOrientationLandscapeLeft UIInterfaceOrientationLandscapeRight";
				LD_RUNPATH_SEARCH_PATHS = (
					"$(inherited)",
					"@executable_path/Frameworks",
				);
				MARKETING_VERSION = 1.0;
				PRODUCT_BUNDLE_IDENTIFIER = com.fukumaco.ChatWithGPT;
				PRODUCT_NAME = "$(TARGET_NAME)";
				SWIFT_EMIT_LOC_STRINGS = YES;
				SWIFT_VERSION = 5.0;
				TARGETED_DEVICE_FAMILY = "1,2";
			};
			name = Debug;
		};
		6A714BE62AABECE60055A0A7 /* Release */ = {
			isa = XCBuildConfiguration;
			buildSettings = {
				ASSETCATALOG_COMPILER_APPICON_NAME = AppIcon;
				ASSETCATALOG_COMPILER_GLOBAL_ACCENT_COLOR_NAME = AccentColor;
				CODE_SIGN_STYLE = Automatic;
				CURRENT_PROJECT_VERSION = 1;
				DEVELOPMENT_TEAM = 3CCT94FW44;
				GENERATE_INFOPLIST_FILE = YES;
				INFOPLIST_FILE = ChatWithGPT/Info.plist;
				INFOPLIST_KEY_UIApplicationSupportsIndirectInputEvents = YES;
				INFOPLIST_KEY_UILaunchStoryboardName = LaunchScreen;
				INFOPLIST_KEY_UIMainStoryboardFile = Main;
				INFOPLIST_KEY_UISupportedInterfaceOrientations_iPad = "UIInterfaceOrientationPortrait UIInterfaceOrientationPortraitUpsideDown UIInterfaceOrientationLandscapeLeft UIInterfaceOrientationLandscapeRight";
				INFOPLIST_KEY_UISupportedInterfaceOrientations_iPhone = "UIInterfaceOrientationPortrait UIInterfaceOrientationLandscapeLeft UIInterfaceOrientationLandscapeRight";
				LD_RUNPATH_SEARCH_PATHS = (
					"$(inherited)",
					"@executable_path/Frameworks",
				);
				MARKETING_VERSION = 1.0;
				PRODUCT_BUNDLE_IDENTIFIER = com.fukumaco.ChatWithGPT;
				PRODUCT_NAME = "$(TARGET_NAME)";
				SWIFT_EMIT_LOC_STRINGS = YES;
				SWIFT_VERSION = 5.0;
				TARGETED_DEVICE_FAMILY = "1,2";
			};
			name = Release;
		};
/* End XCBuildConfiguration section */

/* Begin XCConfigurationList section */
		6A714BCB2AABECE40055A0A7 /* Build configuration list for PBXProject "ChatWithGPT" */ = {
			isa = XCConfigurationList;
			buildConfigurations = (
				6A714BE22AABECE60055A0A7 /* Debug */,
				6A714BE32AABECE60055A0A7 /* Release */,
			);
			defaultConfigurationIsVisible = 0;
			defaultConfigurationName = Release;
		};
		6A714BE42AABECE60055A0A7 /* Build configuration list for PBXNativeTarget "ChatWithGPT" */ = {
			isa = XCConfigurationList;
			buildConfigurations = (
				6A714BE52AABECE60055A0A7 /* Debug */,
				6A714BE62AABECE60055A0A7 /* Release */,
			);
			defaultConfigurationIsVisible = 0;
			defaultConfigurationName = Release;
		};
/* End XCConfigurationList section */

/* Begin XCRemoteSwiftPackageReference section */
		6A714BE72AABEDC30055A0A7 /* XCRemoteSwiftPackageReference "Alamofire" */ = {
			isa = XCRemoteSwiftPackageReference;
			repositoryURL = "https://github.com/Alamofire/Alamofire.git";
			requirement = {
				kind = upToNextMajorVersion;
				minimumVersion = 5.0.0;
			};
		};
		6A714BEA2AABEE380055A0A7 /* XCRemoteSwiftPackageReference "realm-swift" */ = {
			isa = XCRemoteSwiftPackageReference;
			repositoryURL = "https://github.com/realm/realm-swift.git";
			requirement = {
				branch = master;
				kind = branch;
			};
		};
		6A714BED2AABEE720055A0A7 /* XCRemoteSwiftPackageReference "ProgressHUD" */ = {
			isa = XCRemoteSwiftPackageReference;
			repositoryURL = "https://github.com/relatedcode/ProgressHUD.git";
			requirement = {
				kind = upToNextMajorVersion;
				minimumVersion = 13.0.0;
			};
		};
/* End XCRemoteSwiftPackageReference section */

/* Begin XCSwiftPackageProductDependency section */
		6A714BE82AABEDC30055A0A7 /* Alamofire */ = {
			isa = XCSwiftPackageProductDependency;
			package = 6A714BE72AABEDC30055A0A7 /* XCRemoteSwiftPackageReference "Alamofire" */;
			productName = Alamofire;
		};
		6A714BEB2AABEE380055A0A7 /* RealmSwift */ = {
			isa = XCSwiftPackageProductDependency;
			package = 6A714BEA2AABEE380055A0A7 /* XCRemoteSwiftPackageReference "realm-swift" */;
			productName = RealmSwift;
		};
		6A714BEE2AABEE720055A0A7 /* ProgressHUD */ = {
			isa = XCSwiftPackageProductDependency;
			package = 6A714BED2AABEE720055A0A7 /* XCRemoteSwiftPackageReference "ProgressHUD" */;
			productName = ProgressHUD;
		};
/* End XCSwiftPackageProductDependency section */
	};
	rootObject = 6A714BC82AABECE40055A0A7 /* Project object */;
}
